
Microsoft Visual Studio Solution File, Format Version 12.00
# Visual Studio Version 16
VisualStudioVersion = 16.0.30804.86
MinimumVisualStudioVersion = 10.0.40219.1
Project("{9A19103F-16F7-4668-BE54-9A1E7A4F7556}") = "Day_0", "Day_0\Day_0.csproj", "{376C2CE2-45FD-4A50-82FD-6D132ADD7A59}"
EndProject
Project("{9A19103F-16F7-4668-BE54-9A1E7A4F7556}") = "Day_1", "Day_1\Day_1.csproj", "{384DE2B7-80F6-4931-86C9-9C5A85F39A4F}"
EndProject
Project("{9A19103F-16F7-4668-BE54-9A1E7A4F7556}") = "Day_2", "Day_2\Day_2.csproj", "{5317BA7F-B929-452A-852C-CAAF634B37B3}"
EndProject
Project("{9A19103F-16F7-4668-BE54-9A1E7A4F7556}") = "Day_3", "Day_3\Day_3.csproj", "{94942CF9-30B5-436F-83A1-9E0299CCE5E5}"
EndProject
Project("{9A19103F-16F7-4668-BE54-9A1E7A4F7556}") = "Day_4", "Day_4\Day_4.csproj", "{49844355-27B5-488E-8C9D-1F1484B0AA3E}"
EndProject
Project("{9A19103F-16F7-4668-BE54-9A1E7A4F7556}") = "Day_5", "Day_5\Day_5.csproj", "{CBB55271-F0F2-4D39-BDAA-4654F11E3316}"
EndProject
Project("{9A19103F-16F7-4668-BE54-9A1E7A4F7556}") = "Day_6", "Day_6\Day_6.csproj", "{EDA01114-C9E2-4A43-95F9-85610A75EB1D}"
EndProject
Project("{9A19103F-16F7-4668-BE54-9A1E7A4F7556}") = "Day_7", "Day_7\Day_7.csproj", "{30028E1B-609B-41BD-93E6-3AAA99EFCB82}"
EndProject
Project("{9A19103F-16F7-4668-BE54-9A1E7A4F7556}") = "Day_8", "Day_8\Day_8.csproj", "{F2BA7A25-11C5-4979-8671-345CB5DA4CEE}"
EndProject
Project("{9A19103F-16F7-4668-BE54-9A1E7A4F7556}") = "Day_9", "Day_9\Day_9.csproj", "{52EC5E3E-B88F-428E-A345-4E821D802DE3}"
EndProject
Project("{9A19103F-16F7-4668-BE54-9A1E7A4F7556}") = "Day_10", "Day_10\Day_10.csproj", "{F5AB7ABE-5F32-4BA4-8397-85FECC0A4F19}"
EndProject
Project("{9A19103F-16F7-4668-BE54-9A1E7A4F7556}") = "Day_11", "Day_11\Day_11.csproj", "{D0004A4B-A8A0-4A39-9528-AC4DA20F65A4}"
EndProject
Project("{FAE04EC0-301F-11D3-BF4B-00C04F79EFBC}") = "Day_12", "Day_12\Day_12.csproj", "{05210665-65A0-4907-9987-767F8729B2CE}"
EndProject
Global
	GlobalSection(SolutionConfigurationPlatforms) = preSolution
		Debug|Any CPU = Debug|Any CPU
		Release|Any CPU = Release|Any CPU
	EndGlobalSection
	GlobalSection(ProjectConfigurationPlatforms) = postSolution
		{376C2CE2-45FD-4A50-82FD-6D132ADD7A59}.Debug|Any CPU.ActiveCfg = Debug|Any CPU
		{376C2CE2-45FD-4A50-82FD-6D132ADD7A59}.Debug|Any CPU.Build.0 = Debug|Any CPU
		{376C2CE2-45FD-4A50-82FD-6D132ADD7A59}.Release|Any CPU.ActiveCfg = Release|Any CPU
		{376C2CE2-45FD-4A50-82FD-6D132ADD7A59}.Release|Any CPU.Build.0 = Release|Any CPU
		{384DE2B7-80F6-4931-86C9-9C5A85F39A4F}.Debug|Any CPU.ActiveCfg = Debug|Any CPU
		{384DE2B7-80F6-4931-86C9-9C5A85F39A4F}.Debug|Any CPU.Build.0 = Debug|Any CPU
		{384DE2B7-80F6-4931-86C9-9C5A85F39A4F}.Release|Any CPU.ActiveCfg = Release|Any CPU
		{384DE2B7-80F6-4931-86C9-9C5A85F39A4F}.Release|Any CPU.Build.0 = Release|Any CPU
		{5317BA7F-B929-452A-852C-CAAF634B37B3}.Debug|Any CPU.ActiveCfg = Debug|Any CPU
		{5317BA7F-B929-452A-852C-CAAF634B37B3}.Debug|Any CPU.Build.0 = Debug|Any CPU
		{5317BA7F-B929-452A-852C-CAAF634B37B3}.Release|Any CPU.ActiveCfg = Release|Any CPU
		{5317BA7F-B929-452A-852C-CAAF634B37B3}.Release|Any CPU.Build.0 = Release|Any CPU
		{94942CF9-30B5-436F-83A1-9E0299CCE5E5}.Debug|Any CPU.ActiveCfg = Debug|Any CPU
		{94942CF9-30B5-436F-83A1-9E0299CCE5E5}.Debug|Any CPU.Build.0 = Debug|Any CPU
		{94942CF9-30B5-436F-83A1-9E0299CCE5E5}.Release|Any CPU.ActiveCfg = Release|Any CPU
		{94942CF9-30B5-436F-83A1-9E0299CCE5E5}.Release|Any CPU.Build.0 = Release|Any CPU
		{49844355-27B5-488E-8C9D-1F1484B0AA3E}.Debug|Any CPU.ActiveCfg = Debug|Any CPU
		{49844355-27B5-488E-8C9D-1F1484B0AA3E}.Debug|Any CPU.Build.0 = Debug|Any CPU
		{49844355-27B5-488E-8C9D-1F1484B0AA3E}.Release|Any CPU.ActiveCfg = Release|Any CPU
		{49844355-27B5-488E-8C9D-1F1484B0AA3E}.Release|Any CPU.Build.0 = Release|Any CPU
		{CBB55271-F0F2-4D39-BDAA-4654F11E3316}.Debug|Any CPU.ActiveCfg = Debug|Any CPU
		{CBB55271-F0F2-4D39-BDAA-4654F11E3316}.Debug|Any CPU.Build.0 = Debug|Any CPU
		{CBB55271-F0F2-4D39-BDAA-4654F11E3316}.Release|Any CPU.ActiveCfg = Release|Any CPU
		{CBB55271-F0F2-4D39-BDAA-4654F11E3316}.Release|Any CPU.Build.0 = Release|Any CPU
		{EDA01114-C9E2-4A43-95F9-85610A75EB1D}.Debug|Any CPU.ActiveCfg = Debug|Any CPU
		{EDA01114-C9E2-4A43-95F9-85610A75EB1D}.Debug|Any CPU.Build.0 = Debug|Any CPU
		{EDA01114-C9E2-4A43-95F9-85610A75EB1D}.Release|Any CPU.ActiveCfg = Release|Any CPU
		{EDA01114-C9E2-4A43-95F9-85610A75EB1D}.Release|Any CPU.Build.0 = Release|Any CPU
		{30028E1B-609B-41BD-93E6-3AAA99EFCB82}.Debug|Any CPU.ActiveCfg = Debug|Any CPU
		{30028E1B-609B-41BD-93E6-3AAA99EFCB82}.Debug|Any CPU.Build.0 = Debug|Any CPU
		{30028E1B-609B-41BD-93E6-3AAA99EFCB82}.Release|Any CPU.ActiveCfg = Release|Any CPU
		{30028E1B-609B-41BD-93E6-3AAA99EFCB82}.Release|Any CPU.Build.0 = Release|Any CPU
		{F2BA7A25-11C5-4979-8671-345CB5DA4CEE}.Debug|Any CPU.ActiveCfg = Debug|Any CPU
		{F2BA7A25-11C5-4979-8671-345CB5DA4CEE}.Debug|Any CPU.Build.0 = Debug|Any CPU
		{F2BA7A25-11C5-4979-8671-345CB5DA4CEE}.Release|Any CPU.ActiveCfg = Release|Any CPU
		{F2BA7A25-11C5-4979-8671-345CB5DA4CEE}.Release|Any CPU.Build.0 = Release|Any CPU
		{52EC5E3E-B88F-428E-A345-4E821D802DE3}.Debug|Any CPU.ActiveCfg = Debug|Any CPU
		{52EC5E3E-B88F-428E-A345-4E821D802DE3}.Debug|Any CPU.Build.0 = Debug|Any CPU
		{52EC5E3E-B88F-428E-A345-4E821D802DE3}.Release|Any CPU.ActiveCfg = Release|Any CPU
		{52EC5E3E-B88F-428E-A345-4E821D802DE3}.Release|Any CPU.Build.0 = Release|Any CPU
		{F5AB7ABE-5F32-4BA4-8397-85FECC0A4F19}.Debug|Any CPU.ActiveCfg = Debug|Any CPU
		{F5AB7ABE-5F32-4BA4-8397-85FECC0A4F19}.Debug|Any CPU.Build.0 = Debug|Any CPU
		{F5AB7ABE-5F32-4BA4-8397-85FECC0A4F19}.Release|Any CPU.ActiveCfg = Release|Any CPU
		{F5AB7ABE-5F32-4BA4-8397-85FECC0A4F19}.Release|Any CPU.Build.0 = Release|Any CPU
		{D0004A4B-A8A0-4A39-9528-AC4DA20F65A4}.Debug|Any CPU.ActiveCfg = Debug|Any CPU
		{D0004A4B-A8A0-4A39-9528-AC4DA20F65A4}.Debug|Any CPU.Build.0 = Debug|Any CPU
		{D0004A4B-A8A0-4A39-9528-AC4DA20F65A4}.Release|Any CPU.ActiveCfg = Release|Any CPU
		{D0004A4B-A8A0-4A39-9528-AC4DA20F65A4}.Release|Any CPU.Build.0 = Release|Any CPU
		{05210665-65A0-4907-9987-767F8729B2CE}.Debug|Any CPU.ActiveCfg = Debug|Any CPU
		{05210665-65A0-4907-9987-767F8729B2CE}.Debug|Any CPU.Build.0 = Debug|Any CPU
		{05210665-65A0-4907-9987-767F8729B2CE}.Release|Any CPU.ActiveCfg = Release|Any CPU
		{05210665-65A0-4907-9987-767F8729B2CE}.Release|Any CPU.Build.0 = Release|Any CPU
	EndGlobalSection
	GlobalSection(SolutionProperties) = preSolution
		HideSolutionNode = FALSE
	EndGlobalSection
	GlobalSection(ExtensibilityGlobals) = postSolution
		SolutionGuid = {21D89013-7D86-4FB2-AF86-CD2C43B996FE}
	EndGlobalSection
EndGlobal
