
Microsoft Visual Studio Solution File, Format Version 12.00
# Visual Studio Version 16
VisualStudioVersion = 16.0.30804.86
MinimumVisualStudioVersion = 10.0.40219.1
Project("{9A19103F-16F7-4668-BE54-9A1E7A4F7556}") = "Day_0", "Day_0\Day_0.csproj", "{376C2CE2-45FD-4A50-82FD-6D132ADD7A59}"
EndProject
Project("{9A19103F-16F7-4668-BE54-9A1E7A4F7556}") = "Day_1", "Day_1\Day_1.csproj", "{384DE2B7-80F6-4931-86C9-9C5A85F39A4F}"
EndProject
Project("{9A19103F-16F7-4668-BE54-9A1E7A4F7556}") = "Day_2", "Day_2\Day_2.csproj", "{5317BA7F-B929-452A-852C-CAAF634B37B3}"
EndProject
Project("{9A19103F-16F7-4668-BE54-9A1E7A4F7556}") = "Day_3", "Day_3\Day_3.csproj", "{94942CF9-30B5-436F-83A1-9E0299CCE5E5}"
EndProject
Project("{9A19103F-16F7-4668-BE54-9A1E7A4F7556}") = "Day_4", "Day_4\Day_4.csproj", "{49844355-27B5-488E-8C9D-1F1484B0AA3E}"
EndProject
Project("{9A19103F-16F7-4668-BE54-9A1E7A4F7556}") = "Day_5", "Day_5\Day_5.csproj", "{CBB55271-F0F2-4D39-BDAA-4654F11E3316}"
EndProject
Project("{9A19103F-16F7-4668-BE54-9A1E7A4F7556}") = "Day_6", "Day_6\Day_6.csproj", "{EDA01114-C9E2-4A43-95F9-85610A75EB1D}"
EndProject
Project("{9A19103F-16F7-4668-BE54-9A1E7A4F7556}") = "Day_7", "Day_7\Day_7.csproj", "{30028E1B-609B-41BD-93E6-3AAA99EFCB82}"
EndProject
Project("{9A19103F-16F7-4668-BE54-9A1E7A4F7556}") = "Day_8", "Day_8\Day_8.csproj", "{F2BA7A25-11C5-4979-8671-345CB5DA4CEE}"
EndProject
Project("{9A19103F-16F7-4668-BE54-9A1E7A4F7556}") = "Day_9", "Day_9\Day_9.csproj", "{52EC5E3E-B88F-428E-A345-4E821D802DE3}"
EndProject
Project("{9A19103F-16F7-4668-BE54-9A1E7A4F7556}") = "Day_10", "Day_10\Day_10.csproj", "{F5AB7ABE-5F32-4BA4-8397-85FECC0A4F19}"
EndProject
Project("{9A19103F-16F7-4668-BE54-9A1E7A4F7556}") = "Day_11", "Day_11\Day_11.csproj", "{D0004A4B-A8A0-4A39-9528-AC4DA20F65A4}"
EndProject
Project("{9A19103F-16F7-4668-BE54-9A1E7A4F7556}") = "Day_12", "Day_12\Day_12.csproj", "{05210665-65A0-4907-9987-767F8729B2CE}"
EndProject
Project("{9A19103F-16F7-4668-BE54-9A1E7A4F7556}") = "Day_13", "Day_13\Day_13.csproj", "{CAAD56F5-9B2C-40CC-B589-421665508245}"
EndProject
Project("{9A19103F-16F7-4668-BE54-9A1E7A4F7556}") = "Day_14", "Day_14\Day_14.csproj", "{B3430FA9-8247-488A-8E1B-150FC15B52D5}"
EndProject
Project("{9A19103F-16F7-4668-BE54-9A1E7A4F7556}") = "Day_15", "Day_15\Day_15.csproj", "{CD3A4560-4955-4678-A172-1699BCF93DB7}"
EndProject
Project("{9A19103F-16F7-4668-BE54-9A1E7A4F7556}") = "Day_16", "Day_16\Day_16.csproj", "{DA9983FB-B4D8-40FF-BDB0-5B051FDF5F8F}"
EndProject
Project("{9A19103F-16F7-4668-BE54-9A1E7A4F7556}") = "Day_17", "Day_17\Day_17.csproj", "{6D10CBE6-07F2-4BC6-8E69-BF99F4C45968}"
EndProject
Project("{9A19103F-16F7-4668-BE54-9A1E7A4F7556}") = "Day_18", "Day_18\Day_18.csproj", "{D4CA1B80-1F9D-4579-BF31-B712B13D962E}"
EndProject
Project("{9A19103F-16F7-4668-BE54-9A1E7A4F7556}") = "Day_19", "Day_19\Day_19.csproj", "{F5D3D971-F42D-4AE9-8A36-C896B72DD09B}"
EndProject
Project("{9A19103F-16F7-4668-BE54-9A1E7A4F7556}") = "Day_20", "Day_20\Day_20.csproj", "{04F14BCC-7C9C-4BCD-8E70-4341D66E1DAE}"
EndProject
Project("{9A19103F-16F7-4668-BE54-9A1E7A4F7556}") = "Day_21", "Day_21\Day_21.csproj", "{0084F580-336E-4509-BE7A-AF2E898FA58C}"
EndProject
Project("{9A19103F-16F7-4668-BE54-9A1E7A4F7556}") = "Day_22", "Day_22\Day_22.csproj", "{CBAF9A90-A142-4B2B-B865-B1AE09A765EA}"
EndProject
Project("{9A19103F-16F7-4668-BE54-9A1E7A4F7556}") = "Day_23", "Day_23\Day_23.csproj", "{19D5A988-3941-459C-80AD-FF9CF56CF2BA}"
EndProject
Project("{9A19103F-16F7-4668-BE54-9A1E7A4F7556}") = "Day_24", "Day_24\Day_24.csproj", "{D7295C1F-A326-4B0B-A0A6-F4F43D669DE8}"
EndProject
Project("{9A19103F-16F7-4668-BE54-9A1E7A4F7556}") = "Day_25", "Day_25\Day_25.csproj", "{25166398-5018-4B54-8205-7512FF9489D1}"
EndProject
Project("{9A19103F-16F7-4668-BE54-9A1E7A4F7556}") = "Day_26", "Day_26\Day_26.csproj", "{1D5C995D-2813-46DF-B53D-64E12E8B2C89}"
EndProject
Project("{8BC9CEB8-8B4A-11D0-8D11-00A0C91BC942}") = "Day_27", "Day_27\Day_27.vcxproj", "{5EBD4B3D-6915-447B-8753-FB22207A0237}"
EndProject
Global
	GlobalSection(SolutionConfigurationPlatforms) = preSolution
		Debug|Any CPU = Debug|Any CPU
		Debug|x64 = Debug|x64
		Debug|x86 = Debug|x86
		Release|Any CPU = Release|Any CPU
		Release|x64 = Release|x64
		Release|x86 = Release|x86
	EndGlobalSection
	GlobalSection(ProjectConfigurationPlatforms) = postSolution
		{376C2CE2-45FD-4A50-82FD-6D132ADD7A59}.Debug|Any CPU.ActiveCfg = Debug|Any CPU
		{376C2CE2-45FD-4A50-82FD-6D132ADD7A59}.Debug|Any CPU.Build.0 = Debug|Any CPU
		{376C2CE2-45FD-4A50-82FD-6D132ADD7A59}.Debug|x64.ActiveCfg = Debug|Any CPU
		{376C2CE2-45FD-4A50-82FD-6D132ADD7A59}.Debug|x64.Build.0 = Debug|Any CPU
		{376C2CE2-45FD-4A50-82FD-6D132ADD7A59}.Debug|x86.ActiveCfg = Debug|Any CPU
		{376C2CE2-45FD-4A50-82FD-6D132ADD7A59}.Debug|x86.Build.0 = Debug|Any CPU
		{376C2CE2-45FD-4A50-82FD-6D132ADD7A59}.Release|Any CPU.ActiveCfg = Release|Any CPU
		{376C2CE2-45FD-4A50-82FD-6D132ADD7A59}.Release|Any CPU.Build.0 = Release|Any CPU
		{376C2CE2-45FD-4A50-82FD-6D132ADD7A59}.Release|x64.ActiveCfg = Release|Any CPU
		{376C2CE2-45FD-4A50-82FD-6D132ADD7A59}.Release|x64.Build.0 = Release|Any CPU
		{376C2CE2-45FD-4A50-82FD-6D132ADD7A59}.Release|x86.ActiveCfg = Release|Any CPU
		{376C2CE2-45FD-4A50-82FD-6D132ADD7A59}.Release|x86.Build.0 = Release|Any CPU
		{384DE2B7-80F6-4931-86C9-9C5A85F39A4F}.Debug|Any CPU.ActiveCfg = Debug|Any CPU
		{384DE2B7-80F6-4931-86C9-9C5A85F39A4F}.Debug|Any CPU.Build.0 = Debug|Any CPU
		{384DE2B7-80F6-4931-86C9-9C5A85F39A4F}.Debug|x64.ActiveCfg = Debug|Any CPU
		{384DE2B7-80F6-4931-86C9-9C5A85F39A4F}.Debug|x64.Build.0 = Debug|Any CPU
		{384DE2B7-80F6-4931-86C9-9C5A85F39A4F}.Debug|x86.ActiveCfg = Debug|Any CPU
		{384DE2B7-80F6-4931-86C9-9C5A85F39A4F}.Debug|x86.Build.0 = Debug|Any CPU
		{384DE2B7-80F6-4931-86C9-9C5A85F39A4F}.Release|Any CPU.ActiveCfg = Release|Any CPU
		{384DE2B7-80F6-4931-86C9-9C5A85F39A4F}.Release|Any CPU.Build.0 = Release|Any CPU
		{384DE2B7-80F6-4931-86C9-9C5A85F39A4F}.Release|x64.ActiveCfg = Release|Any CPU
		{384DE2B7-80F6-4931-86C9-9C5A85F39A4F}.Release|x64.Build.0 = Release|Any CPU
		{384DE2B7-80F6-4931-86C9-9C5A85F39A4F}.Release|x86.ActiveCfg = Release|Any CPU
		{384DE2B7-80F6-4931-86C9-9C5A85F39A4F}.Release|x86.Build.0 = Release|Any CPU
		{5317BA7F-B929-452A-852C-CAAF634B37B3}.Debug|Any CPU.ActiveCfg = Debug|Any CPU
		{5317BA7F-B929-452A-852C-CAAF634B37B3}.Debug|Any CPU.Build.0 = Debug|Any CPU
		{5317BA7F-B929-452A-852C-CAAF634B37B3}.Debug|x64.ActiveCfg = Debug|Any CPU
		{5317BA7F-B929-452A-852C-CAAF634B37B3}.Debug|x64.Build.0 = Debug|Any CPU
		{5317BA7F-B929-452A-852C-CAAF634B37B3}.Debug|x86.ActiveCfg = Debug|Any CPU
		{5317BA7F-B929-452A-852C-CAAF634B37B3}.Debug|x86.Build.0 = Debug|Any CPU
		{5317BA7F-B929-452A-852C-CAAF634B37B3}.Release|Any CPU.ActiveCfg = Release|Any CPU
		{5317BA7F-B929-452A-852C-CAAF634B37B3}.Release|Any CPU.Build.0 = Release|Any CPU
		{5317BA7F-B929-452A-852C-CAAF634B37B3}.Release|x64.ActiveCfg = Release|Any CPU
		{5317BA7F-B929-452A-852C-CAAF634B37B3}.Release|x64.Build.0 = Release|Any CPU
		{5317BA7F-B929-452A-852C-CAAF634B37B3}.Release|x86.ActiveCfg = Release|Any CPU
		{5317BA7F-B929-452A-852C-CAAF634B37B3}.Release|x86.Build.0 = Release|Any CPU
		{94942CF9-30B5-436F-83A1-9E0299CCE5E5}.Debug|Any CPU.ActiveCfg = Debug|Any CPU
		{94942CF9-30B5-436F-83A1-9E0299CCE5E5}.Debug|Any CPU.Build.0 = Debug|Any CPU
		{94942CF9-30B5-436F-83A1-9E0299CCE5E5}.Debug|x64.ActiveCfg = Debug|Any CPU
		{94942CF9-30B5-436F-83A1-9E0299CCE5E5}.Debug|x64.Build.0 = Debug|Any CPU
		{94942CF9-30B5-436F-83A1-9E0299CCE5E5}.Debug|x86.ActiveCfg = Debug|Any CPU
		{94942CF9-30B5-436F-83A1-9E0299CCE5E5}.Debug|x86.Build.0 = Debug|Any CPU
		{94942CF9-30B5-436F-83A1-9E0299CCE5E5}.Release|Any CPU.ActiveCfg = Release|Any CPU
		{94942CF9-30B5-436F-83A1-9E0299CCE5E5}.Release|Any CPU.Build.0 = Release|Any CPU
		{94942CF9-30B5-436F-83A1-9E0299CCE5E5}.Release|x64.ActiveCfg = Release|Any CPU
		{94942CF9-30B5-436F-83A1-9E0299CCE5E5}.Release|x64.Build.0 = Release|Any CPU
		{94942CF9-30B5-436F-83A1-9E0299CCE5E5}.Release|x86.ActiveCfg = Release|Any CPU
		{94942CF9-30B5-436F-83A1-9E0299CCE5E5}.Release|x86.Build.0 = Release|Any CPU
		{49844355-27B5-488E-8C9D-1F1484B0AA3E}.Debug|Any CPU.ActiveCfg = Debug|Any CPU
		{49844355-27B5-488E-8C9D-1F1484B0AA3E}.Debug|Any CPU.Build.0 = Debug|Any CPU
		{49844355-27B5-488E-8C9D-1F1484B0AA3E}.Debug|x64.ActiveCfg = Debug|Any CPU
		{49844355-27B5-488E-8C9D-1F1484B0AA3E}.Debug|x64.Build.0 = Debug|Any CPU
		{49844355-27B5-488E-8C9D-1F1484B0AA3E}.Debug|x86.ActiveCfg = Debug|Any CPU
		{49844355-27B5-488E-8C9D-1F1484B0AA3E}.Debug|x86.Build.0 = Debug|Any CPU
		{49844355-27B5-488E-8C9D-1F1484B0AA3E}.Release|Any CPU.ActiveCfg = Release|Any CPU
		{49844355-27B5-488E-8C9D-1F1484B0AA3E}.Release|Any CPU.Build.0 = Release|Any CPU
		{49844355-27B5-488E-8C9D-1F1484B0AA3E}.Release|x64.ActiveCfg = Release|Any CPU
		{49844355-27B5-488E-8C9D-1F1484B0AA3E}.Release|x64.Build.0 = Release|Any CPU
		{49844355-27B5-488E-8C9D-1F1484B0AA3E}.Release|x86.ActiveCfg = Release|Any CPU
		{49844355-27B5-488E-8C9D-1F1484B0AA3E}.Release|x86.Build.0 = Release|Any CPU
		{CBB55271-F0F2-4D39-BDAA-4654F11E3316}.Debug|Any CPU.ActiveCfg = Debug|Any CPU
		{CBB55271-F0F2-4D39-BDAA-4654F11E3316}.Debug|Any CPU.Build.0 = Debug|Any CPU
		{CBB55271-F0F2-4D39-BDAA-4654F11E3316}.Debug|x64.ActiveCfg = Debug|Any CPU
		{CBB55271-F0F2-4D39-BDAA-4654F11E3316}.Debug|x64.Build.0 = Debug|Any CPU
		{CBB55271-F0F2-4D39-BDAA-4654F11E3316}.Debug|x86.ActiveCfg = Debug|Any CPU
		{CBB55271-F0F2-4D39-BDAA-4654F11E3316}.Debug|x86.Build.0 = Debug|Any CPU
		{CBB55271-F0F2-4D39-BDAA-4654F11E3316}.Release|Any CPU.ActiveCfg = Release|Any CPU
		{CBB55271-F0F2-4D39-BDAA-4654F11E3316}.Release|Any CPU.Build.0 = Release|Any CPU
		{CBB55271-F0F2-4D39-BDAA-4654F11E3316}.Release|x64.ActiveCfg = Release|Any CPU
		{CBB55271-F0F2-4D39-BDAA-4654F11E3316}.Release|x64.Build.0 = Release|Any CPU
		{CBB55271-F0F2-4D39-BDAA-4654F11E3316}.Release|x86.ActiveCfg = Release|Any CPU
		{CBB55271-F0F2-4D39-BDAA-4654F11E3316}.Release|x86.Build.0 = Release|Any CPU
		{EDA01114-C9E2-4A43-95F9-85610A75EB1D}.Debug|Any CPU.ActiveCfg = Debug|Any CPU
		{EDA01114-C9E2-4A43-95F9-85610A75EB1D}.Debug|Any CPU.Build.0 = Debug|Any CPU
		{EDA01114-C9E2-4A43-95F9-85610A75EB1D}.Debug|x64.ActiveCfg = Debug|Any CPU
		{EDA01114-C9E2-4A43-95F9-85610A75EB1D}.Debug|x64.Build.0 = Debug|Any CPU
		{EDA01114-C9E2-4A43-95F9-85610A75EB1D}.Debug|x86.ActiveCfg = Debug|Any CPU
		{EDA01114-C9E2-4A43-95F9-85610A75EB1D}.Debug|x86.Build.0 = Debug|Any CPU
		{EDA01114-C9E2-4A43-95F9-85610A75EB1D}.Release|Any CPU.ActiveCfg = Release|Any CPU
		{EDA01114-C9E2-4A43-95F9-85610A75EB1D}.Release|Any CPU.Build.0 = Release|Any CPU
		{EDA01114-C9E2-4A43-95F9-85610A75EB1D}.Release|x64.ActiveCfg = Release|Any CPU
		{EDA01114-C9E2-4A43-95F9-85610A75EB1D}.Release|x64.Build.0 = Release|Any CPU
		{EDA01114-C9E2-4A43-95F9-85610A75EB1D}.Release|x86.ActiveCfg = Release|Any CPU
		{EDA01114-C9E2-4A43-95F9-85610A75EB1D}.Release|x86.Build.0 = Release|Any CPU
		{30028E1B-609B-41BD-93E6-3AAA99EFCB82}.Debug|Any CPU.ActiveCfg = Debug|Any CPU
		{30028E1B-609B-41BD-93E6-3AAA99EFCB82}.Debug|Any CPU.Build.0 = Debug|Any CPU
		{30028E1B-609B-41BD-93E6-3AAA99EFCB82}.Debug|x64.ActiveCfg = Debug|Any CPU
		{30028E1B-609B-41BD-93E6-3AAA99EFCB82}.Debug|x64.Build.0 = Debug|Any CPU
		{30028E1B-609B-41BD-93E6-3AAA99EFCB82}.Debug|x86.ActiveCfg = Debug|Any CPU
		{30028E1B-609B-41BD-93E6-3AAA99EFCB82}.Debug|x86.Build.0 = Debug|Any CPU
		{30028E1B-609B-41BD-93E6-3AAA99EFCB82}.Release|Any CPU.ActiveCfg = Release|Any CPU
		{30028E1B-609B-41BD-93E6-3AAA99EFCB82}.Release|Any CPU.Build.0 = Release|Any CPU
		{30028E1B-609B-41BD-93E6-3AAA99EFCB82}.Release|x64.ActiveCfg = Release|Any CPU
		{30028E1B-609B-41BD-93E6-3AAA99EFCB82}.Release|x64.Build.0 = Release|Any CPU
		{30028E1B-609B-41BD-93E6-3AAA99EFCB82}.Release|x86.ActiveCfg = Release|Any CPU
		{30028E1B-609B-41BD-93E6-3AAA99EFCB82}.Release|x86.Build.0 = Release|Any CPU
		{F2BA7A25-11C5-4979-8671-345CB5DA4CEE}.Debug|Any CPU.ActiveCfg = Debug|Any CPU
		{F2BA7A25-11C5-4979-8671-345CB5DA4CEE}.Debug|Any CPU.Build.0 = Debug|Any CPU
		{F2BA7A25-11C5-4979-8671-345CB5DA4CEE}.Debug|x64.ActiveCfg = Debug|Any CPU
		{F2BA7A25-11C5-4979-8671-345CB5DA4CEE}.Debug|x64.Build.0 = Debug|Any CPU
		{F2BA7A25-11C5-4979-8671-345CB5DA4CEE}.Debug|x86.ActiveCfg = Debug|Any CPU
		{F2BA7A25-11C5-4979-8671-345CB5DA4CEE}.Debug|x86.Build.0 = Debug|Any CPU
		{F2BA7A25-11C5-4979-8671-345CB5DA4CEE}.Release|Any CPU.ActiveCfg = Release|Any CPU
		{F2BA7A25-11C5-4979-8671-345CB5DA4CEE}.Release|Any CPU.Build.0 = Release|Any CPU
		{F2BA7A25-11C5-4979-8671-345CB5DA4CEE}.Release|x64.ActiveCfg = Release|Any CPU
		{F2BA7A25-11C5-4979-8671-345CB5DA4CEE}.Release|x64.Build.0 = Release|Any CPU
		{F2BA7A25-11C5-4979-8671-345CB5DA4CEE}.Release|x86.ActiveCfg = Release|Any CPU
		{F2BA7A25-11C5-4979-8671-345CB5DA4CEE}.Release|x86.Build.0 = Release|Any CPU
		{52EC5E3E-B88F-428E-A345-4E821D802DE3}.Debug|Any CPU.ActiveCfg = Debug|Any CPU
		{52EC5E3E-B88F-428E-A345-4E821D802DE3}.Debug|Any CPU.Build.0 = Debug|Any CPU
		{52EC5E3E-B88F-428E-A345-4E821D802DE3}.Debug|x64.ActiveCfg = Debug|Any CPU
		{52EC5E3E-B88F-428E-A345-4E821D802DE3}.Debug|x64.Build.0 = Debug|Any CPU
		{52EC5E3E-B88F-428E-A345-4E821D802DE3}.Debug|x86.ActiveCfg = Debug|Any CPU
		{52EC5E3E-B88F-428E-A345-4E821D802DE3}.Debug|x86.Build.0 = Debug|Any CPU
		{52EC5E3E-B88F-428E-A345-4E821D802DE3}.Release|Any CPU.ActiveCfg = Release|Any CPU
		{52EC5E3E-B88F-428E-A345-4E821D802DE3}.Release|Any CPU.Build.0 = Release|Any CPU
		{52EC5E3E-B88F-428E-A345-4E821D802DE3}.Release|x64.ActiveCfg = Release|Any CPU
		{52EC5E3E-B88F-428E-A345-4E821D802DE3}.Release|x64.Build.0 = Release|Any CPU
		{52EC5E3E-B88F-428E-A345-4E821D802DE3}.Release|x86.ActiveCfg = Release|Any CPU
		{52EC5E3E-B88F-428E-A345-4E821D802DE3}.Release|x86.Build.0 = Release|Any CPU
		{F5AB7ABE-5F32-4BA4-8397-85FECC0A4F19}.Debug|Any CPU.ActiveCfg = Debug|Any CPU
		{F5AB7ABE-5F32-4BA4-8397-85FECC0A4F19}.Debug|Any CPU.Build.0 = Debug|Any CPU
		{F5AB7ABE-5F32-4BA4-8397-85FECC0A4F19}.Debug|x64.ActiveCfg = Debug|Any CPU
		{F5AB7ABE-5F32-4BA4-8397-85FECC0A4F19}.Debug|x64.Build.0 = Debug|Any CPU
		{F5AB7ABE-5F32-4BA4-8397-85FECC0A4F19}.Debug|x86.ActiveCfg = Debug|Any CPU
		{F5AB7ABE-5F32-4BA4-8397-85FECC0A4F19}.Debug|x86.Build.0 = Debug|Any CPU
		{F5AB7ABE-5F32-4BA4-8397-85FECC0A4F19}.Release|Any CPU.ActiveCfg = Release|Any CPU
		{F5AB7ABE-5F32-4BA4-8397-85FECC0A4F19}.Release|Any CPU.Build.0 = Release|Any CPU
		{F5AB7ABE-5F32-4BA4-8397-85FECC0A4F19}.Release|x64.ActiveCfg = Release|Any CPU
		{F5AB7ABE-5F32-4BA4-8397-85FECC0A4F19}.Release|x64.Build.0 = Release|Any CPU
		{F5AB7ABE-5F32-4BA4-8397-85FECC0A4F19}.Release|x86.ActiveCfg = Release|Any CPU
		{F5AB7ABE-5F32-4BA4-8397-85FECC0A4F19}.Release|x86.Build.0 = Release|Any CPU
		{D0004A4B-A8A0-4A39-9528-AC4DA20F65A4}.Debug|Any CPU.ActiveCfg = Debug|Any CPU
		{D0004A4B-A8A0-4A39-9528-AC4DA20F65A4}.Debug|Any CPU.Build.0 = Debug|Any CPU
		{D0004A4B-A8A0-4A39-9528-AC4DA20F65A4}.Debug|x64.ActiveCfg = Debug|Any CPU
		{D0004A4B-A8A0-4A39-9528-AC4DA20F65A4}.Debug|x64.Build.0 = Debug|Any CPU
		{D0004A4B-A8A0-4A39-9528-AC4DA20F65A4}.Debug|x86.ActiveCfg = Debug|Any CPU
		{D0004A4B-A8A0-4A39-9528-AC4DA20F65A4}.Debug|x86.Build.0 = Debug|Any CPU
		{D0004A4B-A8A0-4A39-9528-AC4DA20F65A4}.Release|Any CPU.ActiveCfg = Release|Any CPU
		{D0004A4B-A8A0-4A39-9528-AC4DA20F65A4}.Release|Any CPU.Build.0 = Release|Any CPU
		{D0004A4B-A8A0-4A39-9528-AC4DA20F65A4}.Release|x64.ActiveCfg = Release|Any CPU
		{D0004A4B-A8A0-4A39-9528-AC4DA20F65A4}.Release|x64.Build.0 = Release|Any CPU
		{D0004A4B-A8A0-4A39-9528-AC4DA20F65A4}.Release|x86.ActiveCfg = Release|Any CPU
		{D0004A4B-A8A0-4A39-9528-AC4DA20F65A4}.Release|x86.Build.0 = Release|Any CPU
		{05210665-65A0-4907-9987-767F8729B2CE}.Debug|Any CPU.ActiveCfg = Debug|Any CPU
		{05210665-65A0-4907-9987-767F8729B2CE}.Debug|Any CPU.Build.0 = Debug|Any CPU
		{05210665-65A0-4907-9987-767F8729B2CE}.Debug|x64.ActiveCfg = Debug|Any CPU
		{05210665-65A0-4907-9987-767F8729B2CE}.Debug|x64.Build.0 = Debug|Any CPU
		{05210665-65A0-4907-9987-767F8729B2CE}.Debug|x86.ActiveCfg = Debug|Any CPU
		{05210665-65A0-4907-9987-767F8729B2CE}.Debug|x86.Build.0 = Debug|Any CPU
		{05210665-65A0-4907-9987-767F8729B2CE}.Release|Any CPU.ActiveCfg = Release|Any CPU
		{05210665-65A0-4907-9987-767F8729B2CE}.Release|Any CPU.Build.0 = Release|Any CPU
		{05210665-65A0-4907-9987-767F8729B2CE}.Release|x64.ActiveCfg = Release|Any CPU
		{05210665-65A0-4907-9987-767F8729B2CE}.Release|x64.Build.0 = Release|Any CPU
		{05210665-65A0-4907-9987-767F8729B2CE}.Release|x86.ActiveCfg = Release|Any CPU
		{05210665-65A0-4907-9987-767F8729B2CE}.Release|x86.Build.0 = Release|Any CPU
		{CAAD56F5-9B2C-40CC-B589-421665508245}.Debug|Any CPU.ActiveCfg = Debug|Any CPU
		{CAAD56F5-9B2C-40CC-B589-421665508245}.Debug|Any CPU.Build.0 = Debug|Any CPU
		{CAAD56F5-9B2C-40CC-B589-421665508245}.Debug|x64.ActiveCfg = Debug|Any CPU
		{CAAD56F5-9B2C-40CC-B589-421665508245}.Debug|x64.Build.0 = Debug|Any CPU
		{CAAD56F5-9B2C-40CC-B589-421665508245}.Debug|x86.ActiveCfg = Debug|Any CPU
		{CAAD56F5-9B2C-40CC-B589-421665508245}.Debug|x86.Build.0 = Debug|Any CPU
		{CAAD56F5-9B2C-40CC-B589-421665508245}.Release|Any CPU.ActiveCfg = Release|Any CPU
		{CAAD56F5-9B2C-40CC-B589-421665508245}.Release|Any CPU.Build.0 = Release|Any CPU
		{CAAD56F5-9B2C-40CC-B589-421665508245}.Release|x64.ActiveCfg = Release|Any CPU
		{CAAD56F5-9B2C-40CC-B589-421665508245}.Release|x64.Build.0 = Release|Any CPU
		{CAAD56F5-9B2C-40CC-B589-421665508245}.Release|x86.ActiveCfg = Release|Any CPU
		{CAAD56F5-9B2C-40CC-B589-421665508245}.Release|x86.Build.0 = Release|Any CPU
		{B3430FA9-8247-488A-8E1B-150FC15B52D5}.Debug|Any CPU.ActiveCfg = Debug|Any CPU
		{B3430FA9-8247-488A-8E1B-150FC15B52D5}.Debug|Any CPU.Build.0 = Debug|Any CPU
		{B3430FA9-8247-488A-8E1B-150FC15B52D5}.Debug|x64.ActiveCfg = Debug|Any CPU
		{B3430FA9-8247-488A-8E1B-150FC15B52D5}.Debug|x64.Build.0 = Debug|Any CPU
		{B3430FA9-8247-488A-8E1B-150FC15B52D5}.Debug|x86.ActiveCfg = Debug|Any CPU
		{B3430FA9-8247-488A-8E1B-150FC15B52D5}.Debug|x86.Build.0 = Debug|Any CPU
		{B3430FA9-8247-488A-8E1B-150FC15B52D5}.Release|Any CPU.ActiveCfg = Release|Any CPU
		{B3430FA9-8247-488A-8E1B-150FC15B52D5}.Release|Any CPU.Build.0 = Release|Any CPU
		{B3430FA9-8247-488A-8E1B-150FC15B52D5}.Release|x64.ActiveCfg = Release|Any CPU
		{B3430FA9-8247-488A-8E1B-150FC15B52D5}.Release|x64.Build.0 = Release|Any CPU
		{B3430FA9-8247-488A-8E1B-150FC15B52D5}.Release|x86.ActiveCfg = Release|Any CPU
		{B3430FA9-8247-488A-8E1B-150FC15B52D5}.Release|x86.Build.0 = Release|Any CPU
		{CD3A4560-4955-4678-A172-1699BCF93DB7}.Debug|Any CPU.ActiveCfg = Debug|Any CPU
		{CD3A4560-4955-4678-A172-1699BCF93DB7}.Debug|Any CPU.Build.0 = Debug|Any CPU
		{CD3A4560-4955-4678-A172-1699BCF93DB7}.Debug|x64.ActiveCfg = Debug|Any CPU
		{CD3A4560-4955-4678-A172-1699BCF93DB7}.Debug|x64.Build.0 = Debug|Any CPU
		{CD3A4560-4955-4678-A172-1699BCF93DB7}.Debug|x86.ActiveCfg = Debug|Any CPU
		{CD3A4560-4955-4678-A172-1699BCF93DB7}.Debug|x86.Build.0 = Debug|Any CPU
		{CD3A4560-4955-4678-A172-1699BCF93DB7}.Release|Any CPU.ActiveCfg = Release|Any CPU
		{CD3A4560-4955-4678-A172-1699BCF93DB7}.Release|Any CPU.Build.0 = Release|Any CPU
		{CD3A4560-4955-4678-A172-1699BCF93DB7}.Release|x64.ActiveCfg = Release|Any CPU
		{CD3A4560-4955-4678-A172-1699BCF93DB7}.Release|x64.Build.0 = Release|Any CPU
		{CD3A4560-4955-4678-A172-1699BCF93DB7}.Release|x86.ActiveCfg = Release|Any CPU
		{CD3A4560-4955-4678-A172-1699BCF93DB7}.Release|x86.Build.0 = Release|Any CPU
		{DA9983FB-B4D8-40FF-BDB0-5B051FDF5F8F}.Debug|Any CPU.ActiveCfg = Debug|Any CPU
		{DA9983FB-B4D8-40FF-BDB0-5B051FDF5F8F}.Debug|Any CPU.Build.0 = Debug|Any CPU
		{DA9983FB-B4D8-40FF-BDB0-5B051FDF5F8F}.Debug|x64.ActiveCfg = Debug|Any CPU
		{DA9983FB-B4D8-40FF-BDB0-5B051FDF5F8F}.Debug|x64.Build.0 = Debug|Any CPU
		{DA9983FB-B4D8-40FF-BDB0-5B051FDF5F8F}.Debug|x86.ActiveCfg = Debug|Any CPU
		{DA9983FB-B4D8-40FF-BDB0-5B051FDF5F8F}.Debug|x86.Build.0 = Debug|Any CPU
		{DA9983FB-B4D8-40FF-BDB0-5B051FDF5F8F}.Release|Any CPU.ActiveCfg = Release|Any CPU
		{DA9983FB-B4D8-40FF-BDB0-5B051FDF5F8F}.Release|Any CPU.Build.0 = Release|Any CPU
		{DA9983FB-B4D8-40FF-BDB0-5B051FDF5F8F}.Release|x64.ActiveCfg = Release|Any CPU
		{DA9983FB-B4D8-40FF-BDB0-5B051FDF5F8F}.Release|x64.Build.0 = Release|Any CPU
		{DA9983FB-B4D8-40FF-BDB0-5B051FDF5F8F}.Release|x86.ActiveCfg = Release|Any CPU
		{DA9983FB-B4D8-40FF-BDB0-5B051FDF5F8F}.Release|x86.Build.0 = Release|Any CPU
		{6D10CBE6-07F2-4BC6-8E69-BF99F4C45968}.Debug|Any CPU.ActiveCfg = Debug|Any CPU
		{6D10CBE6-07F2-4BC6-8E69-BF99F4C45968}.Debug|Any CPU.Build.0 = Debug|Any CPU
		{6D10CBE6-07F2-4BC6-8E69-BF99F4C45968}.Debug|x64.ActiveCfg = Debug|Any CPU
		{6D10CBE6-07F2-4BC6-8E69-BF99F4C45968}.Debug|x64.Build.0 = Debug|Any CPU
		{6D10CBE6-07F2-4BC6-8E69-BF99F4C45968}.Debug|x86.ActiveCfg = Debug|Any CPU
		{6D10CBE6-07F2-4BC6-8E69-BF99F4C45968}.Debug|x86.Build.0 = Debug|Any CPU
		{6D10CBE6-07F2-4BC6-8E69-BF99F4C45968}.Release|Any CPU.ActiveCfg = Release|Any CPU
		{6D10CBE6-07F2-4BC6-8E69-BF99F4C45968}.Release|Any CPU.Build.0 = Release|Any CPU
		{6D10CBE6-07F2-4BC6-8E69-BF99F4C45968}.Release|x64.ActiveCfg = Release|Any CPU
		{6D10CBE6-07F2-4BC6-8E69-BF99F4C45968}.Release|x64.Build.0 = Release|Any CPU
		{6D10CBE6-07F2-4BC6-8E69-BF99F4C45968}.Release|x86.ActiveCfg = Release|Any CPU
		{6D10CBE6-07F2-4BC6-8E69-BF99F4C45968}.Release|x86.Build.0 = Release|Any CPU
		{D4CA1B80-1F9D-4579-BF31-B712B13D962E}.Debug|Any CPU.ActiveCfg = Debug|Any CPU
		{D4CA1B80-1F9D-4579-BF31-B712B13D962E}.Debug|Any CPU.Build.0 = Debug|Any CPU
		{D4CA1B80-1F9D-4579-BF31-B712B13D962E}.Debug|x64.ActiveCfg = Debug|Any CPU
		{D4CA1B80-1F9D-4579-BF31-B712B13D962E}.Debug|x64.Build.0 = Debug|Any CPU
		{D4CA1B80-1F9D-4579-BF31-B712B13D962E}.Debug|x86.ActiveCfg = Debug|Any CPU
		{D4CA1B80-1F9D-4579-BF31-B712B13D962E}.Debug|x86.Build.0 = Debug|Any CPU
		{D4CA1B80-1F9D-4579-BF31-B712B13D962E}.Release|Any CPU.ActiveCfg = Release|Any CPU
		{D4CA1B80-1F9D-4579-BF31-B712B13D962E}.Release|Any CPU.Build.0 = Release|Any CPU
		{D4CA1B80-1F9D-4579-BF31-B712B13D962E}.Release|x64.ActiveCfg = Release|Any CPU
		{D4CA1B80-1F9D-4579-BF31-B712B13D962E}.Release|x64.Build.0 = Release|Any CPU
		{D4CA1B80-1F9D-4579-BF31-B712B13D962E}.Release|x86.ActiveCfg = Release|Any CPU
		{D4CA1B80-1F9D-4579-BF31-B712B13D962E}.Release|x86.Build.0 = Release|Any CPU
		{F5D3D971-F42D-4AE9-8A36-C896B72DD09B}.Debug|Any CPU.ActiveCfg = Debug|Any CPU
		{F5D3D971-F42D-4AE9-8A36-C896B72DD09B}.Debug|Any CPU.Build.0 = Debug|Any CPU
		{F5D3D971-F42D-4AE9-8A36-C896B72DD09B}.Debug|x64.ActiveCfg = Debug|Any CPU
		{F5D3D971-F42D-4AE9-8A36-C896B72DD09B}.Debug|x64.Build.0 = Debug|Any CPU
		{F5D3D971-F42D-4AE9-8A36-C896B72DD09B}.Debug|x86.ActiveCfg = Debug|Any CPU
		{F5D3D971-F42D-4AE9-8A36-C896B72DD09B}.Debug|x86.Build.0 = Debug|Any CPU
		{F5D3D971-F42D-4AE9-8A36-C896B72DD09B}.Release|Any CPU.ActiveCfg = Release|Any CPU
		{F5D3D971-F42D-4AE9-8A36-C896B72DD09B}.Release|Any CPU.Build.0 = Release|Any CPU
		{F5D3D971-F42D-4AE9-8A36-C896B72DD09B}.Release|x64.ActiveCfg = Release|Any CPU
		{F5D3D971-F42D-4AE9-8A36-C896B72DD09B}.Release|x64.Build.0 = Release|Any CPU
		{F5D3D971-F42D-4AE9-8A36-C896B72DD09B}.Release|x86.ActiveCfg = Release|Any CPU
		{F5D3D971-F42D-4AE9-8A36-C896B72DD09B}.Release|x86.Build.0 = Release|Any CPU
		{04F14BCC-7C9C-4BCD-8E70-4341D66E1DAE}.Debug|Any CPU.ActiveCfg = Debug|Any CPU
		{04F14BCC-7C9C-4BCD-8E70-4341D66E1DAE}.Debug|Any CPU.Build.0 = Debug|Any CPU
		{04F14BCC-7C9C-4BCD-8E70-4341D66E1DAE}.Debug|x64.ActiveCfg = Debug|Any CPU
		{04F14BCC-7C9C-4BCD-8E70-4341D66E1DAE}.Debug|x64.Build.0 = Debug|Any CPU
		{04F14BCC-7C9C-4BCD-8E70-4341D66E1DAE}.Debug|x86.ActiveCfg = Debug|Any CPU
		{04F14BCC-7C9C-4BCD-8E70-4341D66E1DAE}.Debug|x86.Build.0 = Debug|Any CPU
		{04F14BCC-7C9C-4BCD-8E70-4341D66E1DAE}.Release|Any CPU.ActiveCfg = Release|Any CPU
		{04F14BCC-7C9C-4BCD-8E70-4341D66E1DAE}.Release|Any CPU.Build.0 = Release|Any CPU
		{04F14BCC-7C9C-4BCD-8E70-4341D66E1DAE}.Release|x64.ActiveCfg = Release|Any CPU
		{04F14BCC-7C9C-4BCD-8E70-4341D66E1DAE}.Release|x64.Build.0 = Release|Any CPU
		{04F14BCC-7C9C-4BCD-8E70-4341D66E1DAE}.Release|x86.ActiveCfg = Release|Any CPU
		{04F14BCC-7C9C-4BCD-8E70-4341D66E1DAE}.Release|x86.Build.0 = Release|Any CPU
		{0084F580-336E-4509-BE7A-AF2E898FA58C}.Debug|Any CPU.ActiveCfg = Debug|Any CPU
		{0084F580-336E-4509-BE7A-AF2E898FA58C}.Debug|Any CPU.Build.0 = Debug|Any CPU
		{0084F580-336E-4509-BE7A-AF2E898FA58C}.Debug|x64.ActiveCfg = Debug|Any CPU
		{0084F580-336E-4509-BE7A-AF2E898FA58C}.Debug|x64.Build.0 = Debug|Any CPU
		{0084F580-336E-4509-BE7A-AF2E898FA58C}.Debug|x86.ActiveCfg = Debug|Any CPU
		{0084F580-336E-4509-BE7A-AF2E898FA58C}.Debug|x86.Build.0 = Debug|Any CPU
		{0084F580-336E-4509-BE7A-AF2E898FA58C}.Release|Any CPU.ActiveCfg = Release|Any CPU
		{0084F580-336E-4509-BE7A-AF2E898FA58C}.Release|Any CPU.Build.0 = Release|Any CPU
		{0084F580-336E-4509-BE7A-AF2E898FA58C}.Release|x64.ActiveCfg = Release|Any CPU
		{0084F580-336E-4509-BE7A-AF2E898FA58C}.Release|x64.Build.0 = Release|Any CPU
		{0084F580-336E-4509-BE7A-AF2E898FA58C}.Release|x86.ActiveCfg = Release|Any CPU
		{0084F580-336E-4509-BE7A-AF2E898FA58C}.Release|x86.Build.0 = Release|Any CPU
		{CBAF9A90-A142-4B2B-B865-B1AE09A765EA}.Debug|Any CPU.ActiveCfg = Debug|Any CPU
		{CBAF9A90-A142-4B2B-B865-B1AE09A765EA}.Debug|Any CPU.Build.0 = Debug|Any CPU
		{CBAF9A90-A142-4B2B-B865-B1AE09A765EA}.Debug|x64.ActiveCfg = Debug|Any CPU
		{CBAF9A90-A142-4B2B-B865-B1AE09A765EA}.Debug|x64.Build.0 = Debug|Any CPU
		{CBAF9A90-A142-4B2B-B865-B1AE09A765EA}.Debug|x86.ActiveCfg = Debug|Any CPU
		{CBAF9A90-A142-4B2B-B865-B1AE09A765EA}.Debug|x86.Build.0 = Debug|Any CPU
		{CBAF9A90-A142-4B2B-B865-B1AE09A765EA}.Release|Any CPU.ActiveCfg = Release|Any CPU
		{CBAF9A90-A142-4B2B-B865-B1AE09A765EA}.Release|Any CPU.Build.0 = Release|Any CPU
		{CBAF9A90-A142-4B2B-B865-B1AE09A765EA}.Release|x64.ActiveCfg = Release|Any CPU
		{CBAF9A90-A142-4B2B-B865-B1AE09A765EA}.Release|x64.Build.0 = Release|Any CPU
		{CBAF9A90-A142-4B2B-B865-B1AE09A765EA}.Release|x86.ActiveCfg = Release|Any CPU
		{CBAF9A90-A142-4B2B-B865-B1AE09A765EA}.Release|x86.Build.0 = Release|Any CPU
		{19D5A988-3941-459C-80AD-FF9CF56CF2BA}.Debug|Any CPU.ActiveCfg = Debug|Any CPU
		{19D5A988-3941-459C-80AD-FF9CF56CF2BA}.Debug|Any CPU.Build.0 = Debug|Any CPU
		{19D5A988-3941-459C-80AD-FF9CF56CF2BA}.Debug|x64.ActiveCfg = Debug|Any CPU
		{19D5A988-3941-459C-80AD-FF9CF56CF2BA}.Debug|x64.Build.0 = Debug|Any CPU
		{19D5A988-3941-459C-80AD-FF9CF56CF2BA}.Debug|x86.ActiveCfg = Debug|Any CPU
		{19D5A988-3941-459C-80AD-FF9CF56CF2BA}.Debug|x86.Build.0 = Debug|Any CPU
		{19D5A988-3941-459C-80AD-FF9CF56CF2BA}.Release|Any CPU.ActiveCfg = Release|Any CPU
		{19D5A988-3941-459C-80AD-FF9CF56CF2BA}.Release|Any CPU.Build.0 = Release|Any CPU
		{19D5A988-3941-459C-80AD-FF9CF56CF2BA}.Release|x64.ActiveCfg = Release|Any CPU
		{19D5A988-3941-459C-80AD-FF9CF56CF2BA}.Release|x64.Build.0 = Release|Any CPU
		{19D5A988-3941-459C-80AD-FF9CF56CF2BA}.Release|x86.ActiveCfg = Release|Any CPU
		{19D5A988-3941-459C-80AD-FF9CF56CF2BA}.Release|x86.Build.0 = Release|Any CPU
		{D7295C1F-A326-4B0B-A0A6-F4F43D669DE8}.Debug|Any CPU.ActiveCfg = Debug|Any CPU
		{D7295C1F-A326-4B0B-A0A6-F4F43D669DE8}.Debug|Any CPU.Build.0 = Debug|Any CPU
		{D7295C1F-A326-4B0B-A0A6-F4F43D669DE8}.Debug|x64.ActiveCfg = Debug|Any CPU
		{D7295C1F-A326-4B0B-A0A6-F4F43D669DE8}.Debug|x64.Build.0 = Debug|Any CPU
		{D7295C1F-A326-4B0B-A0A6-F4F43D669DE8}.Debug|x86.ActiveCfg = Debug|Any CPU
		{D7295C1F-A326-4B0B-A0A6-F4F43D669DE8}.Debug|x86.Build.0 = Debug|Any CPU
		{D7295C1F-A326-4B0B-A0A6-F4F43D669DE8}.Release|Any CPU.ActiveCfg = Release|Any CPU
		{D7295C1F-A326-4B0B-A0A6-F4F43D669DE8}.Release|Any CPU.Build.0 = Release|Any CPU
		{D7295C1F-A326-4B0B-A0A6-F4F43D669DE8}.Release|x64.ActiveCfg = Release|Any CPU
		{D7295C1F-A326-4B0B-A0A6-F4F43D669DE8}.Release|x64.Build.0 = Release|Any CPU
		{D7295C1F-A326-4B0B-A0A6-F4F43D669DE8}.Release|x86.ActiveCfg = Release|Any CPU
		{D7295C1F-A326-4B0B-A0A6-F4F43D669DE8}.Release|x86.Build.0 = Release|Any CPU
		{25166398-5018-4B54-8205-7512FF9489D1}.Debug|Any CPU.ActiveCfg = Debug|Any CPU
		{25166398-5018-4B54-8205-7512FF9489D1}.Debug|Any CPU.Build.0 = Debug|Any CPU
		{25166398-5018-4B54-8205-7512FF9489D1}.Debug|x64.ActiveCfg = Debug|Any CPU
		{25166398-5018-4B54-8205-7512FF9489D1}.Debug|x64.Build.0 = Debug|Any CPU
		{25166398-5018-4B54-8205-7512FF9489D1}.Debug|x86.ActiveCfg = Debug|Any CPU
		{25166398-5018-4B54-8205-7512FF9489D1}.Debug|x86.Build.0 = Debug|Any CPU
		{25166398-5018-4B54-8205-7512FF9489D1}.Release|Any CPU.ActiveCfg = Release|Any CPU
		{25166398-5018-4B54-8205-7512FF9489D1}.Release|Any CPU.Build.0 = Release|Any CPU
		{25166398-5018-4B54-8205-7512FF9489D1}.Release|x64.ActiveCfg = Release|Any CPU
		{25166398-5018-4B54-8205-7512FF9489D1}.Release|x64.Build.0 = Release|Any CPU
		{25166398-5018-4B54-8205-7512FF9489D1}.Release|x86.ActiveCfg = Release|Any CPU
		{25166398-5018-4B54-8205-7512FF9489D1}.Release|x86.Build.0 = Release|Any CPU
		{1D5C995D-2813-46DF-B53D-64E12E8B2C89}.Debug|Any CPU.ActiveCfg = Debug|Any CPU
		{1D5C995D-2813-46DF-B53D-64E12E8B2C89}.Debug|Any CPU.Build.0 = Debug|Any CPU
		{1D5C995D-2813-46DF-B53D-64E12E8B2C89}.Debug|x64.ActiveCfg = Debug|Any CPU
		{1D5C995D-2813-46DF-B53D-64E12E8B2C89}.Debug|x64.Build.0 = Debug|Any CPU
		{1D5C995D-2813-46DF-B53D-64E12E8B2C89}.Debug|x86.ActiveCfg = Debug|Any CPU
		{1D5C995D-2813-46DF-B53D-64E12E8B2C89}.Debug|x86.Build.0 = Debug|Any CPU
		{1D5C995D-2813-46DF-B53D-64E12E8B2C89}.Release|Any CPU.ActiveCfg = Release|Any CPU
		{1D5C995D-2813-46DF-B53D-64E12E8B2C89}.Release|Any CPU.Build.0 = Release|Any CPU
		{1D5C995D-2813-46DF-B53D-64E12E8B2C89}.Release|x64.ActiveCfg = Release|Any CPU
		{1D5C995D-2813-46DF-B53D-64E12E8B2C89}.Release|x64.Build.0 = Release|Any CPU
		{1D5C995D-2813-46DF-B53D-64E12E8B2C89}.Release|x86.ActiveCfg = Release|Any CPU
		{1D5C995D-2813-46DF-B53D-64E12E8B2C89}.Release|x86.Build.0 = Release|Any CPU
		{5EBD4B3D-6915-447B-8753-FB22207A0237}.Debug|Any CPU.ActiveCfg = Debug|Win32
		{5EBD4B3D-6915-447B-8753-FB22207A0237}.Debug|x64.ActiveCfg = Debug|x64
		{5EBD4B3D-6915-447B-8753-FB22207A0237}.Debug|x64.Build.0 = Debug|x64
		{5EBD4B3D-6915-447B-8753-FB22207A0237}.Debug|x86.ActiveCfg = Debug|Win32
		{5EBD4B3D-6915-447B-8753-FB22207A0237}.Debug|x86.Build.0 = Debug|Win32
		{5EBD4B3D-6915-447B-8753-FB22207A0237}.Release|Any CPU.ActiveCfg = Release|Win32
		{5EBD4B3D-6915-447B-8753-FB22207A0237}.Release|x64.ActiveCfg = Release|x64
		{5EBD4B3D-6915-447B-8753-FB22207A0237}.Release|x64.Build.0 = Release|x64
		{5EBD4B3D-6915-447B-8753-FB22207A0237}.Release|x86.ActiveCfg = Release|Win32
		{5EBD4B3D-6915-447B-8753-FB22207A0237}.Release|x86.Build.0 = Release|Win32
	EndGlobalSection
	GlobalSection(SolutionProperties) = preSolution
		HideSolutionNode = FALSE
	EndGlobalSection
	GlobalSection(ExtensibilityGlobals) = postSolution
		SolutionGuid = {21D89013-7D86-4FB2-AF86-CD2C43B996FE}
	EndGlobalSection
EndGlobal
